PODS:
  - Flutter (1.0.0)
  - flutter_localization (0.0.1):
    - Flutter
  - image_cropper (0.0.4):
    - Flutter
    - TOCropViewController (~> 2.7.4)
  - NWWebSocket (0.5.4)
  - path_provider_foundation (0.0.1):
    - Flutter
    - FlutterMacOS
  - pusher_beams_ios (0.0.1):
    - Flutter
    - PushNotifications (~> 4.0)
  - pusher_channels_flutter (0.0.1):
    - Flutter
    - PusherSwift (~> 10.1.5)
  - pusher_client (2.0.0):
    - Flutter
    - PusherSwiftWithEncryption (~> 8.0.0)
  - PusherSwift (10.1.5):
    - NWWebSocket (~> 0.5.4)
    - TweetNacl (~> 1.0.0)
  - PusherSwiftWithEncryption (8.0.0):
    - ReachabilitySwift (~> 5.0)
    - Sodium (= 0.8.0)
    - Starscream (~> 3.1)
  - PushNotifications (4.0.0)
  - ReachabilitySwift (5.2.4)
  - shared_preferences_foundation (0.0.1):
    - Flutter
    - FlutterMacOS
  - Sodium (0.8.0)
  - Starscream (3.1.1)
  - TOCropViewController (2.7.4)
  - TweetNacl (1.0.2)
  - url_launcher_ios (0.0.1):
    - Flutter

DEPENDENCIES:
  - Flutter (from `Flutter`)
  - flutter_localization (from `.symlinks/plugins/flutter_localization/ios`)
  - image_cropper (from `.symlinks/plugins/image_cropper/ios`)
  - path_provider_foundation (from `.symlinks/plugins/path_provider_foundation/darwin`)
  - pusher_beams_ios (from `.symlinks/plugins/pusher_beams_ios/ios`)
  - pusher_channels_flutter (from `.symlinks/plugins/pusher_channels_flutter/ios`)
  - pusher_client (from `.symlinks/plugins/pusher_client/ios`)
  - shared_preferences_foundation (from `.symlinks/plugins/shared_preferences_foundation/darwin`)
  - url_launcher_ios (from `.symlinks/plugins/url_launcher_ios/ios`)

SPEC REPOS:
  trunk:
    - NWWebSocket
    - PusherSwift
    - PusherSwiftWithEncryption
    - PushNotifications
    - ReachabilitySwift
    - Sodium
    - Starscream
    - TOCropViewController
    - TweetNacl

EXTERNAL SOURCES:
  Flutter:
    :path: Flutter
  flutter_localization:
    :path: ".symlinks/plugins/flutter_localization/ios"
  image_cropper:
    :path: ".symlinks/plugins/image_cropper/ios"
  path_provider_foundation:
    :path: ".symlinks/plugins/path_provider_foundation/darwin"
  pusher_beams_ios:
    :path: ".symlinks/plugins/pusher_beams_ios/ios"
  pusher_channels_flutter:
    :path: ".symlinks/plugins/pusher_channels_flutter/ios"
  pusher_client:
    :path: ".symlinks/plugins/pusher_client/ios"
  shared_preferences_foundation:
    :path: ".symlinks/plugins/shared_preferences_foundation/darwin"
  url_launcher_ios:
    :path: ".symlinks/plugins/url_launcher_ios/ios"

SPEC CHECKSUMS:
  Flutter: e0871f40cf51350855a761d2e70bf5af5b9b5de7
  flutter_localization: f43b18844a2b3d2c71fd64f04ffd6b1e64dd54d4
  image_cropper: 37d40f62177c101ff4c164906d259ea2c3aa70cf
  NWWebSocket: 040d22f23438cc09aaeabf537beff67699c3c76d
  path_provider_foundation: 2b6b4c569c0fb62ec74538f866245ac84301af46
  pusher_beams_ios: 3991e6c6186aa392e2c82687f727ffd5075ea268
  pusher_channels_flutter: 01297e6e420e0ad61a6e5901e27bb272a6f58ec2
  pusher_client: ffcefc0aeeb910ef85e82c9bb333146adad0d8ce
  PusherSwift: cad631bad86cfff4b8458dce1310a7774e469b1f
  PusherSwiftWithEncryption: e8626abf1067a7e1b06afde720934fe1872498e3
  PushNotifications: 2b2174b28bf48b1fe552686d1f95c53d62a4781d
  ReachabilitySwift: 32793e867593cfc1177f5d16491e3a197d2fccda
  shared_preferences_foundation: fcdcbc04712aee1108ac7fda236f363274528f78
  Sodium: 63c0ca312a932e6da481689537d4b35568841bdc
  Starscream: 4bb2f9942274833f7b4d296a55504dcfc7edb7b0
  TOCropViewController: 80b8985ad794298fb69d3341de183f33d1853654
  TweetNacl: 3abf4d1d2082b0114e7a67410e300892448951e6
  url_launcher_ios: 5334b05cef931de560670eeae103fd3e431ac3fe

PODFILE CHECKSUM: a57f30d18f102dd3ce366b1d62a55ecbef2158e5

COCOAPODS: 1.15.2
